
Microsoft Visual Studio Solution File, Format Version 12.00
# Visual Studio Version 17
VisualStudioVersion = 17.8.34525.116
MinimumVisualStudioVersion = 10.0.40219.1
Project("{FAE04EC0-301F-11D3-BF4B-00C04F79EFBC}") = "ConsoleApp3", "ConsoleApp3\ConsoleApp3.csproj", "{D4143BBB-E9EB-4B29-B807-1739A100F435}"
EndProject
Global
	GlobalSection(SolutionConfigurationPlatforms) = preSolution
		Debug|Any CPU = Debug|Any CPU
		Release|Any CPU = Release|Any CPU
	EndGlobalSection
	GlobalSection(ProjectConfigurationPlatforms) = postSolution
		{D4143BBB-E9EB-4B29-B807-1739A100F435}.Debug|Any CPU.ActiveCfg = Debug|Any CPU
		{D4143BBB-E9EB-4B29-B807-1739A100F435}.Debug|Any CPU.Build.0 = Debug|Any CPU
		{D4143BBB-E9EB-4B29-B807-1739A100F435}.Release|Any CPU.ActiveCfg = Release|Any CPU
		{D4143BBB-E9EB-4B29-B807-1739A100F435}.Release|Any CPU.Build.0 = Release|Any CPU
	EndGlobalSection
	GlobalSection(SolutionProperties) = preSolution
		HideSolutionNode = FALSE
	EndGlobalSection
	GlobalSection(ExtensibilityGlobals) = postSolution
		SolutionGuid = {BDEEAFE3-D974-4310-B885-4B050CCC5151}
	EndGlobalSection
EndGlobal
